
Microsoft Visual Studio Solution File, Format Version 12.00
# Visual Studio Version 16
VisualStudioVersion = 16.0.29613.14
MinimumVisualStudioVersion = 10.0.40219.1
Project("{8BC9CEB8-8B4A-11D0-8D11-00A0C91BC942}") = "project1", "project1\project1.vcxproj", "{CA6C8ECA-C739-4A01-A25F-17241BF02FCE}"
EndProject
Global
	GlobalSection(SolutionConfigurationPlatforms) = preSolution
		Debug|x86 = Debug|x86
		Release|x86 = Release|x86
	EndGlobalSection
	GlobalSection(ProjectConfigurationPlatforms) = postSolution
		{CA6C8ECA-C739-4A01-A25F-17241BF02FCE}.Debug|x86.ActiveCfg = Debug|Win32
		{CA6C8ECA-C739-4A01-A25F-17241BF02FCE}.Debug|x86.Build.0 = Debug|Win32
		{CA6C8ECA-C739-4A01-A25F-17241BF02FCE}.Release|x86.ActiveCfg = Release|Win32
		{CA6C8ECA-C739-4A01-A25F-17241BF02FCE}.Release|x86.Build.0 = Release|Win32
	EndGlobalSection
	GlobalSection(SolutionProperties) = preSolution
		HideSolutionNode = FALSE
	EndGlobalSection
	GlobalSection(ExtensibilityGlobals) = postSolution
		SolutionGuid = {D8B29014-7084-419F-B833-4F49C9ACC520}
	EndGlobalSection
EndGlobal
